
Microsoft Visual Studio Solution File, Format Version 12.00
# Visual Studio Version 17
VisualStudioVersion = 17.5.33516.290
MinimumVisualStudioVersion = 10.0.40219.1
Project("{FAE04EC0-301F-11D3-BF4B-00C04F79EFBC}") = "LessonHttp", "LessonHttp\LessonHttp.csproj", "{73B8AB20-C7EF-4676-8D66-491C5D484FE7}"
EndProject
Global
	GlobalSection(SolutionConfigurationPlatforms) = preSolution
		Debug|Any CPU = Debug|Any CPU
		Release|Any CPU = Release|Any CPU
	EndGlobalSection
	GlobalSection(ProjectConfigurationPlatforms) = postSolution
		{73B8AB20-C7EF-4676-8D66-491C5D484FE7}.Debug|Any CPU.ActiveCfg = Debug|Any CPU
		{73B8AB20-C7EF-4676-8D66-491C5D484FE7}.Debug|Any CPU.Build.0 = Debug|Any CPU
		{73B8AB20-C7EF-4676-8D66-491C5D484FE7}.Release|Any CPU.ActiveCfg = Release|Any CPU
		{73B8AB20-C7EF-4676-8D66-491C5D484FE7}.Release|Any CPU.Build.0 = Release|Any CPU
	EndGlobalSection
	GlobalSection(SolutionProperties) = preSolution
		HideSolutionNode = FALSE
	EndGlobalSection
	GlobalSection(ExtensibilityGlobals) = postSolution
		SolutionGuid = {2D9FE050-8A42-418B-9079-2EF6150F97B8}
	EndGlobalSection
EndGlobal
